// !$*UTF8*$!
{
	archiveVersion = 1;
	classes = {
	};
	objectVersion = 50;
	objects = {

/* Begin PBXBuildFile section */
		65845FB924CA785D00351E98 /* AboutViewController.swift in Sources */ = {isa = PBXBuildFile; fileRef = 65845FB824CA785D00351E98 /* AboutViewController.swift */; };
		65A1F6C224D1E37E006977FB /* FirstCollectionViewCell.swift in Sources */ = {isa = PBXBuildFile; fileRef = 65A1F6C124D1E37E006977FB /* FirstCollectionViewCell.swift */; };
		65BBFFEC24C873BB0016C17A /* Assets.xcassets in Resources */ = {isa = PBXBuildFile; fileRef = 65BBFFEB24C873BB0016C17A /* Assets.xcassets */; };
		65E5945124C72AD000DC971F /* AppDelegate.swift in Sources */ = {isa = PBXBuildFile; fileRef = 65E5945024C72AD000DC971F /* AppDelegate.swift */; };
		65E5945324C72AD000DC971F /* SceneDelegate.swift in Sources */ = {isa = PBXBuildFile; fileRef = 65E5945224C72AD000DC971F /* SceneDelegate.swift */; };
		65E5945524C72AD000DC971F /* ViewController.swift in Sources */ = {isa = PBXBuildFile; fileRef = 65E5945424C72AD000DC971F /* ViewController.swift */; };
		65E5945824C72AD000DC971F /* Main.storyboard in Resources */ = {isa = PBXBuildFile; fileRef = 65E5945624C72AD000DC971F /* Main.storyboard */; };
		65E5946024C72AD800DC971F /* LaunchScreen.storyboard in Resources */ = {isa = PBXBuildFile; fileRef = 65E5945E24C72AD800DC971F /* LaunchScreen.storyboard */; };
		65EFAE1124D30D8D007C4954 /* FirstDataModel.swift in Sources */ = {isa = PBXBuildFile; fileRef = 65EFAE1024D30D8D007C4954 /* FirstDataModel.swift */; };
/* End PBXBuildFile section */

/* Begin PBXFileReference section */
		65845FB824CA785D00351E98 /* AboutViewController.swift */ = {isa = PBXFileReference; lastKnownFileType = sourcecode.swift; path = AboutViewController.swift; sourceTree = "<group>"; };
		65A1F6C124D1E37E006977FB /* FirstCollectionViewCell.swift */ = {isa = PBXFileReference; lastKnownFileType = sourcecode.swift; path = FirstCollectionViewCell.swift; sourceTree = "<group>"; };
		65BBFFEB24C873BB0016C17A /* Assets.xcassets */ = {isa = PBXFileReference; lastKnownFileType = folder.assetcatalog; path = Assets.xcassets; sourceTree = "<group>"; };
		65E5944D24C72AD000DC971F /* NewsApp.app */ = {isa = PBXFileReference; explicitFileType = wrapper.application; includeInIndex = 0; path = NewsApp.app; sourceTree = BUILT_PRODUCTS_DIR; };
		65E5945024C72AD000DC971F /* AppDelegate.swift */ = {isa = PBXFileReference; lastKnownFileType = sourcecode.swift; path = AppDelegate.swift; sourceTree = "<group>"; };
		65E5945224C72AD000DC971F /* SceneDelegate.swift */ = {isa = PBXFileReference; lastKnownFileType = sourcecode.swift; path = SceneDelegate.swift; sourceTree = "<group>"; };
		65E5945424C72AD000DC971F /* ViewController.swift */ = {isa = PBXFileReference; lastKnownFileType = sourcecode.swift; path = ViewController.swift; sourceTree = "<group>"; };
		65E5945724C72AD000DC971F /* Base */ = {isa = PBXFileReference; lastKnownFileType = file.storyboard; name = Base; path = Base.lproj/Main.storyboard; sourceTree = "<group>"; };
		65E5945F24C72AD800DC971F /* Base */ = {isa = PBXFileReference; lastKnownFileType = file.storyboard; name = Base; path = Base.lproj/LaunchScreen.storyboard; sourceTree = "<group>"; };
		65E5946124C72AD800DC971F /* Info.plist */ = {isa = PBXFileReference; lastKnownFileType = text.plist.xml; path = Info.plist; sourceTree = "<group>"; };
		65EFAE1024D30D8D007C4954 /* FirstDataModel.swift */ = {isa = PBXFileReference; lastKnownFileType = sourcecode.swift; path = FirstDataModel.swift; sourceTree = "<group>"; };
/* End PBXFileReference section */

/* Begin PBXFrameworksBuildPhase section */
		65E5944A24C72AD000DC971F /* Frameworks */ = {
			isa = PBXFrameworksBuildPhase;
			buildActionMask = 2147483647;
			files = (
			);
			runOnlyForDeploymentPostprocessing = 0;
		};
/* End PBXFrameworksBuildPhase section */

/* Begin PBXGroup section */
		65E5944424C72AD000DC971F = {
			isa = PBXGroup;
			children = (
				65E5944F24C72AD000DC971F /* NewsApp */,
				65E5944E24C72AD000DC971F /* Products */,
			);
			sourceTree = "<group>";
		};
		65E5944E24C72AD000DC971F /* Products */ = {
			isa = PBXGroup;
			children = (
				65E5944D24C72AD000DC971F /* NewsApp.app */,
			);
			name = Products;
			sourceTree = "<group>";
		};
		65E5944F24C72AD000DC971F /* NewsApp */ = {
			isa = PBXGroup;
			children = (
				65EFAE1524D33D75007C4954 /* Models */,
				65E5945224C72AD000DC971F /* SceneDelegate.swift */,
				65E5945024C72AD000DC971F /* AppDelegate.swift */,
				65A1F6C124D1E37E006977FB /* FirstCollectionViewCell.swift */,
				65E5945424C72AD000DC971F /* ViewController.swift */,
				65845FB824CA785D00351E98 /* AboutViewController.swift */,
				65E5945624C72AD000DC971F /* Main.storyboard */,
				65BBFFEB24C873BB0016C17A /* Assets.xcassets */,
				65E5945E24C72AD800DC971F /* LaunchScreen.storyboard */,
				65E5946124C72AD800DC971F /* Info.plist */,
			);
			path = NewsApp;
			sourceTree = "<group>";
		};
		65EFAE1524D33D75007C4954 /* Models */ = {
			isa = PBXGroup;
			children = (
				65EFAE1024D30D8D007C4954 /* FirstDataModel.swift */,
			);
			path = Models;
			sourceTree = "<group>";
		};
/* End PBXGroup section */

/* Begin PBXNativeTarget section */
		65E5944C24C72AD000DC971F /* NewsApp */ = {
			isa = PBXNativeTarget;
			buildConfigurationList = 65E5946424C72AD800DC971F /* Build configuration list for PBXNativeTarget "NewsApp" */;
			buildPhases = (
				65E5944924C72AD000DC971F /* Sources */,
				65E5944A24C72AD000DC971F /* Frameworks */,
				65E5944B24C72AD000DC971F /* Resources */,
			);
			buildRules = (
			);
			dependencies = (
			);
			name = NewsApp;
			productName = NewsApp;
			productReference = 65E5944D24C72AD000DC971F /* NewsApp.app */;
			productType = "com.apple.product-type.application";
		};
/* End PBXNativeTarget section */

/* Begin PBXProject section */
		65E5944524C72AD000DC971F /* Project object */ = {
			isa = PBXProject;
			attributes = {
				LastSwiftUpdateCheck = 1150;
				LastUpgradeCheck = 1150;
				ORGANIZATIONNAME = "Develcode Mac";
				TargetAttributes = {
					65E5944C24C72AD000DC971F = {
						CreatedOnToolsVersion = 11.5;
					};
				};
			};
			buildConfigurationList = 65E5944824C72AD000DC971F /* Build configuration list for PBXProject "NewsApp" */;
			compatibilityVersion = "Xcode 9.3";
			developmentRegion = en;
			hasScannedForEncodings = 0;
			knownRegions = (
				en,
				Base,
			);
			mainGroup = 65E5944424C72AD000DC971F;
			productRefGroup = 65E5944E24C72AD000DC971F /* Products */;
			projectDirPath = "";
			projectRoot = "";
			targets = (
				65E5944C24C72AD000DC971F /* NewsApp */,
			);
		};
/* End PBXProject section */

/* Begin PBXResourcesBuildPhase section */
		65E5944B24C72AD000DC971F /* Resources */ = {
			isa = PBXResourcesBuildPhase;
			buildActionMask = 2147483647;
			files = (
				65E5946024C72AD800DC971F /* LaunchScreen.storyboard in Resources */,
				65BBFFEC24C873BB0016C17A /* Assets.xcassets in Resources */,
				65E5945824C72AD000DC971F /* Main.storyboard in Resources */,
			);
			runOnlyForDeploymentPostprocessing = 0;
		};
/* End PBXResourcesBuildPhase section */

/* Begin PBXSourcesBuildPhase section */
		65E5944924C72AD000DC971F /* Sources */ = {
			isa = PBXSourcesBuildPhase;
			buildActionMask = 2147483647;
			files = (
				65A1F6C224D1E37E006977FB /* FirstCollectionViewCell.swift in Sources */,
				65EFAE1124D30D8D007C4954 /* FirstDataModel.swift in Sources */,
				65E5945524C72AD000DC971F /* ViewController.swift in Sources */,
				65845FB924CA785D00351E98 /* AboutViewController.swift in Sources */,
				65E5945124C72AD000DC971F /* AppDelegate.swift in Sources */,
				65E5945324C72AD000DC971F /* SceneDelegate.swift in Sources */,
			);
			runOnlyForDeploymentPostprocessing = 0;
		};
/* End PBXSourcesBuildPhase section */

/* Begin PBXVariantGroup section */
		65E5945624C72AD000DC971F /* Main.storyboard */ = {
			isa = PBXVariantGroup;
			children = (
				65E5945724C72AD000DC971F /* Base */,
			);
			name = Main.storyboard;
			sourceTree = "<group>";
		};
		65E5945E24C72AD800DC971F /* LaunchScreen.storyboard */ = {
			isa = PBXVariantGroup;
			children = (
				65E5945F24C72AD800DC971F /* Base */,
			);
			name = LaunchScreen.storyboard;
			sourceTree = "<group>";
		};
/* End PBXVariantGroup section */

/* Begin XCBuildConfiguration section */
		65E5946224C72AD800DC971F /* Debug */ = {
			isa = XCBuildConfiguration;
			buildSettings = {
				ALWAYS_SEARCH_USER_PATHS = NO;
				CLANG_ANALYZER_NONNULL = YES;
				CLANG_ANALYZER_NUMBER_OBJECT_CONVERSION = YES_AGGRESSIVE;
				CLANG_CXX_LANGUAGE_STANDARD = "gnu++14";
				CLANG_CXX_LIBRARY = "libc++";
				CLANG_ENABLE_MODULES = YES;
				CLANG_ENABLE_OBJC_ARC = YES;
				CLANG_ENABLE_OBJC_WEAK = YES;
				CLANG_WARN_BLOCK_CAPTURE_AUTORELEASING = YES;
				CLANG_WARN_BOOL_CONVERSION = YES;
				CLANG_WARN_COMMA = YES;
				CLANG_WARN_CONSTANT_CONVERSION = YES;
				CLANG_WARN_DEPRECATED_OBJC_IMPLEMENTATIONS = YES;
				CLANG_WARN_DIRECT_OBJC_ISA_USAGE = YES_ERROR;
				CLANG_WARN_DOCUMENTATION_COMMENTS = YES;
				CLANG_WARN_EMPTY_BODY = YES;
				CLANG_WARN_ENUM_CONVERSION = YES;
				CLANG_WARN_INFINITE_RECURSION = YES;
				CLANG_WARN_INT_CONVERSION = YES;
				CLANG_WARN_NON_LITERAL_NULL_CONVERSION = YES;
				CLANG_WARN_OBJC_IMPLICIT_RETAIN_SELF = YES;
				CLANG_WARN_OBJC_LITERAL_CONVERSION = YES;
				CLANG_WARN_OBJC_ROOT_CLASS = YES_ERROR;
				CLANG_WARN_RANGE_LOOP_ANALYSIS = YES;
				CLANG_WARN_STRICT_PROTOTYPES = YES;
				CLANG_WARN_SUSPICIOUS_MOVE = YES;
				CLANG_WARN_UNGUARDED_AVAILABILITY = YES_AGGRESSIVE;
				CLANG_WARN_UNREACHABLE_CODE = YES;
				CLANG_WARN__DUPLICATE_METHOD_MATCH = YES;
				COPY_PHASE_STRIP = NO;
				DEBUG_INFORMATION_FORMAT = dwarf;
				ENABLE_STRICT_OBJC_MSGSEND = YES;
				ENABLE_TESTABILITY = YES;
				GCC_C_LANGUAGE_STANDARD = gnu11;
				GCC_DYNAMIC_NO_PIC = NO;
				GCC_NO_COMMON_BLOCKS = YES;
				GCC_OPTIMIZATION_LEVEL = 0;
				GCC_PREPROCESSOR_DEFINITIONS = (
					"DEBUG=1",
					"$(inherited)",
				);
				GCC_WARN_64_TO_32_BIT_CONVERSION = YES;
				GCC_WARN_ABOUT_RETURN_TYPE = YES_ERROR;
				GCC_WARN_UNDECLARED_SELECTOR = YES;
				GCC_WARN_UNINITIALIZED_AUTOS = YES_AGGRESSIVE;
				GCC_WARN_UNUSED_FUNCTION = YES;
				GCC_WARN_UNUSED_VARIABLE = YES;
				IPHONEOS_DEPLOYMENT_TARGET = 13.5;
				MTL_ENABLE_DEBUG_INFO = INCLUDE_SOURCE;
				MTL_FAST_MATH = YES;
				ONLY_ACTIVE_ARCH = YES;
				SDKROOT = iphoneos;
				SWIFT_ACTIVE_COMPILATION_CONDITIONS = DEBUG;
				SWIFT_OPTIMIZATION_LEVEL = "-Onone";
			};
			name = Debug;
		};
		65E5946324C72AD800DC971F /* Release */ = {
			isa = XCBuildConfiguration;
			buildSettings = {
				ALWAYS_SEARCH_USER_PATHS = NO;
				CLANG_ANALYZER_NONNULL = YES;
				CLANG_ANALYZER_NUMBER_OBJECT_CONVERSION = YES_AGGRESSIVE;
				CLANG_CXX_LANGUAGE_STANDARD = "gnu++14";
				CLANG_CXX_LIBRARY = "libc++";
				CLANG_ENABLE_MODULES = YES;
				CLANG_ENABLE_OBJC_ARC = YES;
				CLANG_ENABLE_OBJC_WEAK = YES;
				CLANG_WARN_BLOCK_CAPTURE_AUTORELEASING = YES;
				CLANG_WARN_BOOL_CONVERSION = YES;
				CLANG_WARN_COMMA = YES;
				CLANG_WARN_CONSTANT_CONVERSION = YES;
				CLANG_WARN_DEPRECATED_OBJC_IMPLEMENTATIONS = YES;
				CLANG_WARN_DIRECT_OBJC_ISA_USAGE = YES_ERROR;
				CLANG_WARN_DOCUMENTATION_COMMENTS = YES;
				CLANG_WARN_EMPTY_BODY = YES;
				CLANG_WARN_ENUM_CONVERSION = YES;
				CLANG_WARN_INFINITE_RECURSION = YES;
				CLANG_WARN_INT_CONVERSION = YES;
				CLANG_WARN_NON_LITERAL_NULL_CONVERSION = YES;
				CLANG_WARN_OBJC_IMPLICIT_RETAIN_SELF = YES;
				CLANG_WARN_OBJC_LITERAL_CONVERSION = YES;
				CLANG_WARN_OBJC_ROOT_CLASS = YES_ERROR;
				CLANG_WARN_RANGE_LOOP_ANALYSIS = YES;
				CLANG_WARN_STRICT_PROTOTYPES = YES;
				CLANG_WARN_SUSPICIOUS_MOVE = YES;
				CLANG_WARN_UNGUARDED_AVAILABILITY = YES_AGGRESSIVE;
				CLANG_WARN_UNREACHABLE_CODE = YES;
				CLANG_WARN__DUPLICATE_METHOD_MATCH = YES;
				COPY_PHASE_STRIP = NO;
				DEBUG_INFORMATION_FORMAT = "dwarf-with-dsym";
				ENABLE_NS_ASSERTIONS = NO;
				ENABLE_STRICT_OBJC_MSGSEND = YES;
				GCC_C_LANGUAGE_STANDARD = gnu11;
				GCC_NO_COMMON_BLOCKS = YES;
				GCC_WARN_64_TO_32_BIT_CONVERSION = YES;
				GCC_WARN_ABOUT_RETURN_TYPE = YES_ERROR;
				GCC_WARN_UNDECLARED_SELECTOR = YES;
				GCC_WARN_UNINITIALIZED_AUTOS = YES_AGGRESSIVE;
				GCC_WARN_UNUSED_FUNCTION = YES;
				GCC_WARN_UNUSED_VARIABLE = YES;
				IPHONEOS_DEPLOYMENT_TARGET = 13.5;
				MTL_ENABLE_DEBUG_INFO = NO;
				MTL_FAST_MATH = YES;
				SDKROOT = iphoneos;
				SWIFT_COMPILATION_MODE = wholemodule;
				SWIFT_OPTIMIZATION_LEVEL = "-O";
				VALIDATE_PRODUCT = YES;
			};
			name = Release;
		};
		65E5946524C72AD800DC971F /* Debug */ = {
			isa = XCBuildConfiguration;
			buildSettings = {
				ASSETCATALOG_COMPILER_APPICON_NAME = AppIcon;
				CODE_SIGN_STYLE = Automatic;
				INFOPLIST_FILE = NewsApp/Info.plist;
				LD_RUNPATH_SEARCH_PATHS = (
					"$(inherited)",
					"@executable_path/Frameworks",
				);
				PRODUCT_BUNDLE_IDENTIFIER = develcode.vinicius.NewsApp;
				PRODUCT_NAME = "$(TARGET_NAME)";
				SWIFT_VERSION = 5.0;
				TARGETED_DEVICE_FAMILY = "1,2";
			};
			name = Debug;
		};
		65E5946624C72AD800DC971F /* Release */ = {
			isa = XCBuildConfiguration;
			buildSettings = {
				ASSETCATALOG_COMPILER_APPICON_NAME = AppIcon;
				CODE_SIGN_STYLE = Automatic;
				INFOPLIST_FILE = NewsApp/Info.plist;
				LD_RUNPATH_SEARCH_PATHS = (
					"$(inherited)",
					"@executable_path/Frameworks",
				);
				PRODUCT_BUNDLE_IDENTIFIER = develcode.vinicius.NewsApp;
				PRODUCT_NAME = "$(TARGET_NAME)";
				SWIFT_VERSION = 5.0;
				TARGETED_DEVICE_FAMILY = "1,2";
			};
			name = Release;
		};
/* End XCBuildConfiguration section */

/* Begin XCConfigurationList section */
		65E5944824C72AD000DC971F /* Build configuration list for PBXProject "NewsApp" */ = {
			isa = XCConfigurationList;
			buildConfigurations = (
				65E5946224C72AD800DC971F /* Debug */,
				65E5946324C72AD800DC971F /* Release */,
			);
			defaultConfigurationIsVisible = 0;
			defaultConfigurationName = Release;
		};
		65E5946424C72AD800DC971F /* Build configuration list for PBXNativeTarget "NewsApp" */ = {
			isa = XCConfigurationList;
			buildConfigurations = (
				65E5946524C72AD800DC971F /* Debug */,
				65E5946624C72AD800DC971F /* Release */,
			);
			defaultConfigurationIsVisible = 0;
			defaultConfigurationName = Release;
		};
/* End XCConfigurationList section */
	};
	rootObject = 65E5944524C72AD000DC971F /* Project object */;
}
